
Microsoft Visual Studio Solution File, Format Version 12.00
# Visual Studio Version 17
VisualStudioVersion = 17.9.34728.123
MinimumVisualStudioVersion = 10.0.40219.1
Project("{9A19103F-16F7-4668-BE54-9A1E7A4F7556}") = "UserManagementSystem", "UserTesting\UserManagementSystem.csproj", "{97203191-4C15-4E8B-BC64-322EE85EE24E}"
EndProject
Global
	GlobalSection(SolutionConfigurationPlatforms) = preSolution
		Debug|Any CPU = Debug|Any CPU
		Release|Any CPU = Release|Any CPU
	EndGlobalSection
	GlobalSection(ProjectConfigurationPlatforms) = postSolution
		{97203191-4C15-4E8B-BC64-322EE85EE24E}.Debug|Any CPU.ActiveCfg = Debug|Any CPU
		{97203191-4C15-4E8B-BC64-322EE85EE24E}.Debug|Any CPU.Build.0 = Debug|Any CPU
		{97203191-4C15-4E8B-BC64-322EE85EE24E}.Release|Any CPU.ActiveCfg = Release|Any CPU
		{97203191-4C15-4E8B-BC64-322EE85EE24E}.Release|Any CPU.Build.0 = Release|Any CPU
	EndGlobalSection
	GlobalSection(SolutionProperties) = preSolution
		HideSolutionNode = FALSE
	EndGlobalSection
	GlobalSection(ExtensibilityGlobals) = postSolution
		SolutionGuid = {A8EE8F14-7A7A-4568-BFAD-CBE122190354}
	EndGlobalSection
EndGlobal
